{
  "lockfileVersion": 1,
  "configVersion": 1,
  "workspaces": {
    "": {
      "name": "inauguration-docs-site",
      "dependencies": {
        "@tschk/crepus-moonshine": "^0.3.1",
        "@tschk/crepuscularity-wasm": "^0.1.0",
        "@tschk/moonshine": "^0.3.1",
        "@tschk/moonshine-adapter-conformance": "^0.3.1",
        "@tschk/moonshine-compiler": "^0.3.1",
        "@tschk/moonshine-deploy-bun": "^0.3.1",
        "@tschk/moonshine-framework": "^0.3.1",
        "@tschk/moonshine-react": "^0.3.1",
        "@tschk/moonshine-router": "^0.3.1",
        "@tschk/moonshine-server": "^0.3.1",
        "react": "^19.1.0",
        "react-dom": "^19.1.0",
      },
      "devDependencies": {
        "@types/bun": "1.3.14",
        "@types/react": "^19.1.0",
        "@types/react-dom": "^19.1.0",
        "typescript": "^5.9.0",
      },
    },
  },
  "packages": {
    "@tschk/crepus-moonshine": ["@tschk/crepus-moonshine@0.3.1", "", { "dependencies": { "@tschk/crepuscularity-wasm": "^0.1.0", "@tschk/moonshine": "^0.3.1", "@tschk/moonshine-framework": "^0.3.1" }, "peerDependencies": { "react": ">=18", "react-dom": ">=18" }, "optionalPeers": ["react", "react-dom"] }, "sha512-PgRrne/wsk5kgrsaiL8+HW7S8VT2ylsdQVefzEnyY21fe0XqTfAyo59ssKJnRNVhQfASYMGbkv76wEKhewQRbQ=="],

    "@tschk/crepuscularity-wasm": ["@tschk/crepuscularity-wasm@0.1.0", "", {}, "sha512-LW4QrwgVDwIDzwunYVCzkVC/WvZwHDigz/bSTvdCMU2Ot5xZwySGPPKNp4jdHk2iJLVEeb7osg1KRkKFUYuDGg=="],

    "@tschk/moonshine": ["@tschk/moonshine@0.3.1", "", { "dependencies": { "@tschk/moonshine-react": "^0.3.1", "@tschk/moonshine-router": "^0.3.1", "@tschk/moonshine-server": "^0.3.1", "@tschk/moonshine-shaders": "^0.3.1" }, "peerDependencies": { "react": ">=18", "react-dom": ">=18" }, "optionalPeers": ["react", "react-dom"] }, "sha512-g2mFk0IMHb+2p10hDAqQzeURAwZ0YmZSg5Mklv/dnvCQKbCP+r0ZCEnm2soyYYwSAwfrwlxYcJTaFPDPcp+naQ=="],

    "@tschk/moonshine-adapter-conformance": ["@tschk/moonshine-adapter-conformance@0.3.1", "", { "dependencies": { "@tschk/moonshine-framework": "^0.3.1", "@tschk/moonshine-react": "^0.3.1", "@tschk/moonshine-server": "^0.3.1", "react": "^19.1.0", "react-dom": "^19.1.0" } }, "sha512-gJkfw67Yt7f9BTRYpvMlsTWBEeZnwQu6lmjehg1EJbzzsWYU6yFvxJrTNM/gHeMsvC6boK5Ii/EZn/Dnsi6uSQ=="],

    "@tschk/moonshine-compiler": ["@tschk/moonshine-compiler@0.3.1", "", { "dependencies": { "@tschk/moonshine-framework": "^0.3.1", "@tschk/moonshine-router": "^0.3.1" } }, "sha512-52p73kjqSWwa0tqGkBk8IVRcy7ICh3BQpC0Hv1HvZAdOM2839JXBMI2hh8/0cXPGvrDiTsFu+TnEdxC/aowtnQ=="],

    "@tschk/moonshine-deploy-bun": ["@tschk/moonshine-deploy-bun@0.3.1", "", { "dependencies": { "@tschk/moonshine-compiler": "^0.3.1", "@tschk/moonshine-framework": "^0.3.1", "@tschk/moonshine-react": "^0.3.1", "@tschk/moonshine-server": "^0.3.1" } }, "sha512-2SdDc79uD1jJ8/HD9LDl6RkOCEKxCUPFmvQJETQ5IAE7DUeurfXAU9z7GpQxG4EO2h8q/UiMz4DTlaU6MXxRcg=="],

    "@tschk/moonshine-framework": ["@tschk/moonshine-framework@0.3.1", "", { "dependencies": { "@tschk/moonshine": "^0.3.1" } }, "sha512-1Y9kYME9WvNC19kKHNU/FgDlsMFNlcyCLU+aIWFghCxv4SqfwOh/H6mTfQi/xCMM+D5k4YyW+SyHe0IxsPBGEA=="],

    "@tschk/moonshine-react": ["@tschk/moonshine-react@0.3.1", "", { "dependencies": { "@tschk/moonshine": "^0.3.1", "@tschk/moonshine-framework": "^0.3.1", "react": "^19.1.0", "react-dom": "^19.1.0" } }, "sha512-XrgdC2rYBobPe/UlEBC7KsnQaOrMPrsuUg11kp6HpPx0eXM527sq572a9broplv2ABkSV4NCJSYO4rnn8Df1ZQ=="],

    "@tschk/moonshine-router": ["@tschk/moonshine-router@0.3.1", "", { "dependencies": { "@tschk/moonshine": "^0.3.1", "@tschk/moonshine-framework": "^0.3.1" }, "peerDependencies": { "react": ">=18" }, "optionalPeers": ["react"] }, "sha512-BSdZOKIu7sQfGJtzrA6xqzgkwpjW0d4vnSNPhYbjmPhfqfU2K7jgVk26u7tc37mL/BzCTmRbLUIQVJYPPBTnDQ=="],

    "@tschk/moonshine-server": ["@tschk/moonshine-server@0.3.1", "", { "dependencies": { "@tschk/moonshine-framework": "^0.3.1", "@tschk/moonshine-router": "^0.3.1" } }, "sha512-eXxK8X242Ux+3mOy4BKuwDb4NH+cxO65cTxshVpeaNC82BS62sCSedqVmMIl3yRPBNoIYEe+7pRkd2NHB4hCCA=="],

    "@tschk/moonshine-shaders": ["@tschk/moonshine-shaders@0.3.1", "", { "peerDependencies": { "react": ">=18" }, "optionalPeers": ["react"] }, "sha512-dUy3UCSdmM0AU5ituiMe7kvgf/inN+krmW25ctHER/10ntAwpJT0VpJUT+R1RUb7rwhE77xAMvlvNxHR12iyig=="],

    "@types/bun": ["@types/bun@1.3.14", "", { "dependencies": { "bun-types": "1.3.14" } }, "sha512-h1hFqFVcvAvD9j9K7ZW7vd82aSA+rTdznZa+5bwvCwqSB1jmmfLcbIWhOLx1/+boy/xmjgCs/OMUL8hRJSmnPw=="],

    "@types/node": ["@types/node@26.1.2", "", { "dependencies": { "undici-types": "~8.3.0" } }, "sha512-Vu4a5UFA9rIIFJ7rB/Vaafh9lrCQszopTCx6KjFboXTGQbPNasehVR5TEiithSDGyd1DEiUByggTZsg8jukeIg=="],

    "@types/react": ["@types/react@19.2.18", "", { "dependencies": { "csstype": "^3.2.2" } }, "sha512-AnzbBERsrLKtk2XSfTbYRLjQPdy116Sty4q+T+Bp3IC4l6jNBvreVPAHmpq9qhXQM7CXZPjLVmGMw9sy+hxQ3w=="],

    "@types/react-dom": ["@types/react-dom@19.2.4", "", { "peerDependencies": { "@types/react": "^19.2.0" } }, "sha512-Bsc+QHgp+P/F02XDzNCY9jnZNCUuLki36KT7VKrTXXLdHf+vHMNZnW1rVu5DNW/rCK+fya3DATySbLM4yhtKUw=="],

    "bun-types": ["bun-types@1.3.14", "", { "dependencies": { "@types/node": "*" } }, "sha512-4N0ig0fEomHt5R0KCFWjovxow98rIoRwKolrYdCcknNwMekCXRnWEUvgu5soYV8QXtVsrUD8B95MBOZGPvr6KQ=="],

    "csstype": ["csstype@3.2.3", "", {}, "sha512-z1HGKcYy2xA8AGQfwrn0PAy+PB7X/GSj3UVJW9qKyn43xWa+gl5nXmU4qqLMRzWVLFC8KusUX8T/0kCiOYpAIQ=="],

    "react": ["react@19.2.8", "", {}, "sha512-PWaYA1L/q9u2u7xYQi+Y3L3Yfnie7XyLeaJICV1MGD6LprsBxcAqGjYyr0eY3p+QdsA+x/Irkt4Qif8D63+Sbw=="],

    "react-dom": ["react-dom@19.2.8", "", { "dependencies": { "scheduler": "^0.27.0" }, "peerDependencies": { "react": "^19.2.8" } }, "sha512-rVprimfGBG3DR+Tq0IQG2DT5PxKth1WIGDmj5yPmlzr4YBe7uyE+Du4oVqTDXZSHGGGXRtTJEGSSePyQCMBglQ=="],

    "scheduler": ["scheduler@0.27.0", "", {}, "sha512-eNv+WrVbKu1f3vbYJT/xtiF5syA5HPIMtf9IgY/nKg0sWqzAUEvqY/xm7OcZc/qafLx/iO9FgOmeSAp4v5ti/Q=="],

    "typescript": ["typescript@5.9.3", "", { "bin": { "tsc": "bin/tsc", "tsserver": "bin/tsserver" } }, "sha512-jl1vZzPDinLr9eUt3J/t7V6FgNEw9QjvBPdysz9KfQDD41fQrC2Y4vKQdiaUpFT4bXlb1RHhLpp8wtm6M5TgSw=="],

    "undici-types": ["undici-types@8.3.0", "", {}, "sha512-j375ScV60dom+YkPFIfTLcOiPxkN/buHz5GobjLhixFuANaNs3C9l4GmrWqejgXWJ7BbJcFYpTEUkS1Ge8bpZQ=="],
  }
}
