{
  "lockfileVersion": 1,
  "configVersion": 1,
  "workspaces": {
    "": {
      "name": "inauguration-docs-site",
      "dependencies": {
        "@tschk/crepus-moonshine": "^0.4.0",
        "@tschk/crepuscularity-wasm": "^0.1.0",
        "@tschk/moonshine": "^0.4.0",
        "@tschk/moonshine-adapter-conformance": "^0.4.0",
        "@tschk/moonshine-compiler": "^0.4.0",
        "@tschk/moonshine-deploy-bun": "^0.4.0",
        "@tschk/moonshine-framework": "^0.4.0",
        "@tschk/moonshine-react": "^0.4.0",
        "@tschk/moonshine-router": "^0.4.0",
        "@tschk/moonshine-server": "^0.4.0",
        "react": "^19.1.0",
        "react-dom": "^19.1.0",
      },
      "devDependencies": {
        "@types/bun": "1.3.14",
        "@types/react": "^19.1.0",
        "@types/react-dom": "^19.1.0",
        "typescript": "^5.9.0",
      },
    },
  },
  "packages": {
    "@tschk/crepus-moonshine": ["@tschk/crepus-moonshine@0.4.0", "", { "dependencies": { "@tschk/crepuscularity-wasm": "^0.1.3", "@tschk/moonshine": "^0.3.6", "@tschk/moonshine-framework": "^0.3.6" }, "peerDependencies": { "react": ">=18", "react-dom": ">=18" }, "optionalPeers": ["react", "react-dom"] }, "sha512-/MFCM/AZC+r1RVOAZGZ4ak9Dng2E6x2OAKdrEP4SD5iPPQk/nnJ+Jai1zeFwg6yjpuWQRD/LuseUZ1DFCCLPHQ=="],

    "@tschk/crepuscularity-wasm": ["@tschk/crepuscularity-wasm@0.1.0", "", {}, "sha512-LW4QrwgVDwIDzwunYVCzkVC/WvZwHDigz/bSTvdCMU2Ot5xZwySGPPKNp4jdHk2iJLVEeb7osg1KRkKFUYuDGg=="],

    "@tschk/moonshine": ["@tschk/moonshine@0.4.0", "", { "dependencies": { "@tschk/moonshine-react": "^0.3.6", "@tschk/moonshine-router": "^0.3.6", "@tschk/moonshine-server": "^0.3.6", "@tschk/moonshine-shaders": "^0.3.6" }, "peerDependencies": { "react": ">=18", "react-dom": ">=18" }, "optionalPeers": ["react", "react-dom"] }, "sha512-Xbxfj19q2lbSFaFRj6gTue6xty1qSYM2rlezSuvxexSfJgyQyKqx3Sd268lZfqFJhUSqgiX8XsKmUFzJxqVesA=="],

    "@tschk/moonshine-adapter-conformance": ["@tschk/moonshine-adapter-conformance@0.4.0", "", { "dependencies": { "@tschk/moonshine-framework": "^0.3.6", "@tschk/moonshine-react": "^0.3.6", "@tschk/moonshine-server": "^0.3.6", "react": "^19.1.0", "react-dom": "^19.1.0" } }, "sha512-I6HV6D6kpjfk5FCmFIVCo2YbvOElRGVEcvQsGmY9A1intkvoqwXZjESK8O44//bdsIeeGM5O4zOsxQugQNucXw=="],

    "@tschk/moonshine-compiler": ["@tschk/moonshine-compiler@0.4.0", "", { "dependencies": { "@tschk/moonshine-framework": "^0.3.6", "@tschk/moonshine-router": "^0.3.6" } }, "sha512-zbtVCxnMgr9klWROnbJ6qR+6Vmgx198Mw8ngjmfUuU3o97w3m/9bXh9Prz0r3vT7nJ/ENUzM80R0UU9y01r2rA=="],

    "@tschk/moonshine-deploy-bun": ["@tschk/moonshine-deploy-bun@0.4.0", "", { "dependencies": { "@tschk/moonshine-compiler": "^0.3.6", "@tschk/moonshine-framework": "^0.3.6", "@tschk/moonshine-react": "^0.3.6", "@tschk/moonshine-server": "^0.3.6" } }, "sha512-SfCDc3lY1BDbED5UFGxnmG1WhJxCZNCz7CJoETus7KZw8ywciOrrUfNMdYnqOojVQ5jrDWuRf09c6/2aBNRNVA=="],

    "@tschk/moonshine-framework": ["@tschk/moonshine-framework@0.4.0", "", { "dependencies": { "@tschk/moonshine": "^0.3.6" } }, "sha512-PyLU5YXXsaELiKuuN5/h5Xom/cwXRSLdO62+z0QUAh7LDH4xdrwDwRATpOLhpZ2f/BPSJJ3wqWdm9LFJkDtuMQ=="],

    "@tschk/moonshine-react": ["@tschk/moonshine-react@0.4.0", "", { "dependencies": { "@tschk/moonshine": "^0.3.6", "@tschk/moonshine-framework": "^0.3.6", "react": "^19.1.0", "react-dom": "^19.1.0" } }, "sha512-U346Q0wqs8DFbSyh2hZDbL0V5Ri6c6DcGLP5/Qz748zzT/7IRRPc36R+pegL9zPxHffcMcxb12mx4yw6Zvcdsg=="],

    "@tschk/moonshine-router": ["@tschk/moonshine-router@0.4.0", "", { "dependencies": { "@tschk/moonshine": "^0.3.6", "@tschk/moonshine-framework": "^0.3.6" }, "peerDependencies": { "react": ">=18" }, "optionalPeers": ["react"] }, "sha512-67+bNHRHLrm5wWdvVA/6kmXKQJszLY34HIgqBaZvB+URPEj3/el3qMMt4PqjXVQobTR87g6XYlhj33l3r7ta8w=="],

    "@tschk/moonshine-server": ["@tschk/moonshine-server@0.4.0", "", { "dependencies": { "@tschk/moonshine-framework": "^0.3.6", "@tschk/moonshine-router": "^0.3.6" } }, "sha512-3ZHny2rjdkMEJAqymeUpqdOZRhbt4+V1YVvbMKpF3foiB+wey4sz2D9AWmJ+OYqDO4MsTJFOepKjDj8IRomeHQ=="],

    "@tschk/moonshine-shaders": ["@tschk/moonshine-shaders@0.3.7", "", { "peerDependencies": { "react": ">=18" }, "optionalPeers": ["react"] }, "sha512-wNnDY48yLUdnqCBuQvB7ojxYOC2HuQl/EwfyqWSIGczUwATmTVGQQKdIzZ+ahgl7/XpHkNIodhTjkI04F9ufaw=="],

    "@types/bun": ["@types/bun@1.3.14", "", { "dependencies": { "bun-types": "1.3.14" } }, "sha512-h1hFqFVcvAvD9j9K7ZW7vd82aSA+rTdznZa+5bwvCwqSB1jmmfLcbIWhOLx1/+boy/xmjgCs/OMUL8hRJSmnPw=="],

    "@types/node": ["@types/node@26.1.2", "", { "dependencies": { "undici-types": "~8.3.0" } }, "sha512-Vu4a5UFA9rIIFJ7rB/Vaafh9lrCQszopTCx6KjFboXTGQbPNasehVR5TEiithSDGyd1DEiUByggTZsg8jukeIg=="],

    "@types/react": ["@types/react@19.2.18", "", { "dependencies": { "csstype": "^3.2.2" } }, "sha512-AnzbBERsrLKtk2XSfTbYRLjQPdy116Sty4q+T+Bp3IC4l6jNBvreVPAHmpq9qhXQM7CXZPjLVmGMw9sy+hxQ3w=="],

    "@types/react-dom": ["@types/react-dom@19.2.4", "", { "peerDependencies": { "@types/react": "^19.2.0" } }, "sha512-Bsc+QHgp+P/F02XDzNCY9jnZNCUuLki36KT7VKrTXXLdHf+vHMNZnW1rVu5DNW/rCK+fya3DATySbLM4yhtKUw=="],

    "bun-types": ["bun-types@1.3.14", "", { "dependencies": { "@types/node": "*" } }, "sha512-4N0ig0fEomHt5R0KCFWjovxow98rIoRwKolrYdCcknNwMekCXRnWEUvgu5soYV8QXtVsrUD8B95MBOZGPvr6KQ=="],

    "csstype": ["csstype@3.2.3", "", {}, "sha512-z1HGKcYy2xA8AGQfwrn0PAy+PB7X/GSj3UVJW9qKyn43xWa+gl5nXmU4qqLMRzWVLFC8KusUX8T/0kCiOYpAIQ=="],

    "react": ["react@19.2.8", "", {}, "sha512-PWaYA1L/q9u2u7xYQi+Y3L3Yfnie7XyLeaJICV1MGD6LprsBxcAqGjYyr0eY3p+QdsA+x/Irkt4Qif8D63+Sbw=="],

    "react-dom": ["react-dom@19.2.8", "", { "dependencies": { "scheduler": "^0.27.0" }, "peerDependencies": { "react": "^19.2.8" } }, "sha512-rVprimfGBG3DR+Tq0IQG2DT5PxKth1WIGDmj5yPmlzr4YBe7uyE+Du4oVqTDXZSHGGGXRtTJEGSSePyQCMBglQ=="],

    "scheduler": ["scheduler@0.27.0", "", {}, "sha512-eNv+WrVbKu1f3vbYJT/xtiF5syA5HPIMtf9IgY/nKg0sWqzAUEvqY/xm7OcZc/qafLx/iO9FgOmeSAp4v5ti/Q=="],

    "typescript": ["typescript@5.9.3", "", { "bin": { "tsc": "bin/tsc", "tsserver": "bin/tsserver" } }, "sha512-jl1vZzPDinLr9eUt3J/t7V6FgNEw9QjvBPdysz9KfQDD41fQrC2Y4vKQdiaUpFT4bXlb1RHhLpp8wtm6M5TgSw=="],

    "undici-types": ["undici-types@8.3.0", "", {}, "sha512-j375ScV60dom+YkPFIfTLcOiPxkN/buHz5GobjLhixFuANaNs3C9l4GmrWqejgXWJ7BbJcFYpTEUkS1Ge8bpZQ=="],

    "@tschk/crepus-moonshine/@tschk/crepuscularity-wasm": ["@tschk/crepuscularity-wasm@0.1.3", "", {}, "sha512-oaiTeb5mQQX/oX+pRZJiHL0bVvZ8R6TMRbVY52a6bjjAPjibuchmWIq4H4gqBI6wE/20sPn03nqosIkSykAf5g=="],

    "@tschk/crepus-moonshine/@tschk/moonshine": ["@tschk/moonshine@0.3.7", "", { "dependencies": { "@tschk/moonshine-react": "^0.3.6", "@tschk/moonshine-router": "^0.3.6", "@tschk/moonshine-server": "^0.3.6", "@tschk/moonshine-shaders": "^0.3.6" }, "peerDependencies": { "react": ">=18", "react-dom": ">=18" }, "optionalPeers": ["react", "react-dom"] }, "sha512-4aWv+nBC6sQpSd2MAuiyFxntzXNeop7zy0qOfvcncnVk7CRLfItuuf/E8fRoZeHqDNpiNSKRW9T9EA6euLjTug=="],

    "@tschk/crepus-moonshine/@tschk/moonshine-framework": ["@tschk/moonshine-framework@0.3.7", "", { "dependencies": { "@tschk/moonshine": "^0.3.6" } }, "sha512-RubVUh52g0WpTLCYXqVkGnfWBRhPbfEwp/tdULDi9GEpHsZ+Vc/dYG0uP0cBv7R71UZLWCOUQpdt8JFwvx+Xwg=="],

    "@tschk/moonshine/@tschk/moonshine-react": ["@tschk/moonshine-react@0.3.7", "", { "dependencies": { "@tschk/moonshine": "^0.3.6", "@tschk/moonshine-framework": "^0.3.6", "react": "^19.1.0", "react-dom": "^19.1.0" } }, "sha512-9MvW4Vojff9+epHLet7HrLByEdEiWNdT6DbA53FKaAAPCJjJGL2Y+VKhuh3DkMZx8dwMKIqaZI28QabMUqR8vw=="],

    "@tschk/moonshine/@tschk/moonshine-router": ["@tschk/moonshine-router@0.3.7", "", { "dependencies": { "@tschk/moonshine": "^0.3.6", "@tschk/moonshine-framework": "^0.3.6" }, "peerDependencies": { "react": ">=18" }, "optionalPeers": ["react"] }, "sha512-2ZLbmeaJEiJgYf7Jth7KRHqdI7YVOPMgN2iETL3q0kMO6tdhR0KAnR+rxwgJT865UuBVLJh1yvzISzJV9rMdvQ=="],

    "@tschk/moonshine/@tschk/moonshine-server": ["@tschk/moonshine-server@0.3.7", "", { "dependencies": { "@tschk/moonshine-framework": "^0.3.6", "@tschk/moonshine-router": "^0.3.6" } }, "sha512-noI+xdWtLKnekAOloxxsyTnoLq3iqUqhWTTcxFD2r2ZzH0aFItvD8lnjnXDkRA3dtIj6RdVCEuv69bzli24DOA=="],

    "@tschk/moonshine-adapter-conformance/@tschk/moonshine-framework": ["@tschk/moonshine-framework@0.3.7", "", { "dependencies": { "@tschk/moonshine": "^0.3.6" } }, "sha512-RubVUh52g0WpTLCYXqVkGnfWBRhPbfEwp/tdULDi9GEpHsZ+Vc/dYG0uP0cBv7R71UZLWCOUQpdt8JFwvx+Xwg=="],

    "@tschk/moonshine-adapter-conformance/@tschk/moonshine-react": ["@tschk/moonshine-react@0.3.7", "", { "dependencies": { "@tschk/moonshine": "^0.3.6", "@tschk/moonshine-framework": "^0.3.6", "react": "^19.1.0", "react-dom": "^19.1.0" } }, "sha512-9MvW4Vojff9+epHLet7HrLByEdEiWNdT6DbA53FKaAAPCJjJGL2Y+VKhuh3DkMZx8dwMKIqaZI28QabMUqR8vw=="],

    "@tschk/moonshine-adapter-conformance/@tschk/moonshine-server": ["@tschk/moonshine-server@0.3.7", "", { "dependencies": { "@tschk/moonshine-framework": "^0.3.6", "@tschk/moonshine-router": "^0.3.6" } }, "sha512-noI+xdWtLKnekAOloxxsyTnoLq3iqUqhWTTcxFD2r2ZzH0aFItvD8lnjnXDkRA3dtIj6RdVCEuv69bzli24DOA=="],

    "@tschk/moonshine-compiler/@tschk/moonshine-framework": ["@tschk/moonshine-framework@0.3.7", "", { "dependencies": { "@tschk/moonshine": "^0.3.6" } }, "sha512-RubVUh52g0WpTLCYXqVkGnfWBRhPbfEwp/tdULDi9GEpHsZ+Vc/dYG0uP0cBv7R71UZLWCOUQpdt8JFwvx+Xwg=="],

    "@tschk/moonshine-compiler/@tschk/moonshine-router": ["@tschk/moonshine-router@0.3.7", "", { "dependencies": { "@tschk/moonshine": "^0.3.6", "@tschk/moonshine-framework": "^0.3.6" }, "peerDependencies": { "react": ">=18" }, "optionalPeers": ["react"] }, "sha512-2ZLbmeaJEiJgYf7Jth7KRHqdI7YVOPMgN2iETL3q0kMO6tdhR0KAnR+rxwgJT865UuBVLJh1yvzISzJV9rMdvQ=="],

    "@tschk/moonshine-deploy-bun/@tschk/moonshine-compiler": ["@tschk/moonshine-compiler@0.3.7", "", { "dependencies": { "@tschk/moonshine-framework": "^0.3.6", "@tschk/moonshine-router": "^0.3.6" } }, "sha512-tH2ArGs4ZQoviU6eurLm6WNAe/LZwHLy9De95u3Hengy6oeq7ahEiGJgnt06kORkRMzLi6vWhBZV2iXfZWaoZw=="],

    "@tschk/moonshine-deploy-bun/@tschk/moonshine-framework": ["@tschk/moonshine-framework@0.3.7", "", { "dependencies": { "@tschk/moonshine": "^0.3.6" } }, "sha512-RubVUh52g0WpTLCYXqVkGnfWBRhPbfEwp/tdULDi9GEpHsZ+Vc/dYG0uP0cBv7R71UZLWCOUQpdt8JFwvx+Xwg=="],

    "@tschk/moonshine-deploy-bun/@tschk/moonshine-react": ["@tschk/moonshine-react@0.3.7", "", { "dependencies": { "@tschk/moonshine": "^0.3.6", "@tschk/moonshine-framework": "^0.3.6", "react": "^19.1.0", "react-dom": "^19.1.0" } }, "sha512-9MvW4Vojff9+epHLet7HrLByEdEiWNdT6DbA53FKaAAPCJjJGL2Y+VKhuh3DkMZx8dwMKIqaZI28QabMUqR8vw=="],

    "@tschk/moonshine-deploy-bun/@tschk/moonshine-server": ["@tschk/moonshine-server@0.3.7", "", { "dependencies": { "@tschk/moonshine-framework": "^0.3.6", "@tschk/moonshine-router": "^0.3.6" } }, "sha512-noI+xdWtLKnekAOloxxsyTnoLq3iqUqhWTTcxFD2r2ZzH0aFItvD8lnjnXDkRA3dtIj6RdVCEuv69bzli24DOA=="],

    "@tschk/moonshine-framework/@tschk/moonshine": ["@tschk/moonshine@0.3.7", "", { "dependencies": { "@tschk/moonshine-react": "^0.3.6", "@tschk/moonshine-router": "^0.3.6", "@tschk/moonshine-server": "^0.3.6", "@tschk/moonshine-shaders": "^0.3.6" }, "peerDependencies": { "react": ">=18", "react-dom": ">=18" }, "optionalPeers": ["react", "react-dom"] }, "sha512-4aWv+nBC6sQpSd2MAuiyFxntzXNeop7zy0qOfvcncnVk7CRLfItuuf/E8fRoZeHqDNpiNSKRW9T9EA6euLjTug=="],

    "@tschk/moonshine-react/@tschk/moonshine": ["@tschk/moonshine@0.3.7", "", { "dependencies": { "@tschk/moonshine-react": "^0.3.6", "@tschk/moonshine-router": "^0.3.6", "@tschk/moonshine-server": "^0.3.6", "@tschk/moonshine-shaders": "^0.3.6" }, "peerDependencies": { "react": ">=18", "react-dom": ">=18" }, "optionalPeers": ["react", "react-dom"] }, "sha512-4aWv+nBC6sQpSd2MAuiyFxntzXNeop7zy0qOfvcncnVk7CRLfItuuf/E8fRoZeHqDNpiNSKRW9T9EA6euLjTug=="],

    "@tschk/moonshine-react/@tschk/moonshine-framework": ["@tschk/moonshine-framework@0.3.7", "", { "dependencies": { "@tschk/moonshine": "^0.3.6" } }, "sha512-RubVUh52g0WpTLCYXqVkGnfWBRhPbfEwp/tdULDi9GEpHsZ+Vc/dYG0uP0cBv7R71UZLWCOUQpdt8JFwvx+Xwg=="],

    "@tschk/moonshine-router/@tschk/moonshine": ["@tschk/moonshine@0.3.7", "", { "dependencies": { "@tschk/moonshine-react": "^0.3.6", "@tschk/moonshine-router": "^0.3.6", "@tschk/moonshine-server": "^0.3.6", "@tschk/moonshine-shaders": "^0.3.6" }, "peerDependencies": { "react": ">=18", "react-dom": ">=18" }, "optionalPeers": ["react", "react-dom"] }, "sha512-4aWv+nBC6sQpSd2MAuiyFxntzXNeop7zy0qOfvcncnVk7CRLfItuuf/E8fRoZeHqDNpiNSKRW9T9EA6euLjTug=="],

    "@tschk/moonshine-router/@tschk/moonshine-framework": ["@tschk/moonshine-framework@0.3.7", "", { "dependencies": { "@tschk/moonshine": "^0.3.6" } }, "sha512-RubVUh52g0WpTLCYXqVkGnfWBRhPbfEwp/tdULDi9GEpHsZ+Vc/dYG0uP0cBv7R71UZLWCOUQpdt8JFwvx+Xwg=="],

    "@tschk/moonshine-server/@tschk/moonshine-framework": ["@tschk/moonshine-framework@0.3.7", "", { "dependencies": { "@tschk/moonshine": "^0.3.6" } }, "sha512-RubVUh52g0WpTLCYXqVkGnfWBRhPbfEwp/tdULDi9GEpHsZ+Vc/dYG0uP0cBv7R71UZLWCOUQpdt8JFwvx+Xwg=="],

    "@tschk/moonshine-server/@tschk/moonshine-router": ["@tschk/moonshine-router@0.3.7", "", { "dependencies": { "@tschk/moonshine": "^0.3.6", "@tschk/moonshine-framework": "^0.3.6" }, "peerDependencies": { "react": ">=18" }, "optionalPeers": ["react"] }, "sha512-2ZLbmeaJEiJgYf7Jth7KRHqdI7YVOPMgN2iETL3q0kMO6tdhR0KAnR+rxwgJT865UuBVLJh1yvzISzJV9rMdvQ=="],

    "@tschk/crepus-moonshine/@tschk/moonshine/@tschk/moonshine-react": ["@tschk/moonshine-react@0.3.7", "", { "dependencies": { "@tschk/moonshine": "^0.3.6", "@tschk/moonshine-framework": "^0.3.6", "react": "^19.1.0", "react-dom": "^19.1.0" } }, "sha512-9MvW4Vojff9+epHLet7HrLByEdEiWNdT6DbA53FKaAAPCJjJGL2Y+VKhuh3DkMZx8dwMKIqaZI28QabMUqR8vw=="],

    "@tschk/crepus-moonshine/@tschk/moonshine/@tschk/moonshine-router": ["@tschk/moonshine-router@0.3.7", "", { "dependencies": { "@tschk/moonshine": "^0.3.6", "@tschk/moonshine-framework": "^0.3.6" }, "peerDependencies": { "react": ">=18" }, "optionalPeers": ["react"] }, "sha512-2ZLbmeaJEiJgYf7Jth7KRHqdI7YVOPMgN2iETL3q0kMO6tdhR0KAnR+rxwgJT865UuBVLJh1yvzISzJV9rMdvQ=="],

    "@tschk/crepus-moonshine/@tschk/moonshine/@tschk/moonshine-server": ["@tschk/moonshine-server@0.3.7", "", { "dependencies": { "@tschk/moonshine-framework": "^0.3.6", "@tschk/moonshine-router": "^0.3.6" } }, "sha512-noI+xdWtLKnekAOloxxsyTnoLq3iqUqhWTTcxFD2r2ZzH0aFItvD8lnjnXDkRA3dtIj6RdVCEuv69bzli24DOA=="],

    "@tschk/moonshine-adapter-conformance/@tschk/moonshine-framework/@tschk/moonshine": ["@tschk/moonshine@0.3.7", "", { "dependencies": { "@tschk/moonshine-react": "^0.3.6", "@tschk/moonshine-router": "^0.3.6", "@tschk/moonshine-server": "^0.3.6", "@tschk/moonshine-shaders": "^0.3.6" }, "peerDependencies": { "react": ">=18", "react-dom": ">=18" }, "optionalPeers": ["react", "react-dom"] }, "sha512-4aWv+nBC6sQpSd2MAuiyFxntzXNeop7zy0qOfvcncnVk7CRLfItuuf/E8fRoZeHqDNpiNSKRW9T9EA6euLjTug=="],

    "@tschk/moonshine-adapter-conformance/@tschk/moonshine-react/@tschk/moonshine": ["@tschk/moonshine@0.3.7", "", { "dependencies": { "@tschk/moonshine-react": "^0.3.6", "@tschk/moonshine-router": "^0.3.6", "@tschk/moonshine-server": "^0.3.6", "@tschk/moonshine-shaders": "^0.3.6" }, "peerDependencies": { "react": ">=18", "react-dom": ">=18" }, "optionalPeers": ["react", "react-dom"] }, "sha512-4aWv+nBC6sQpSd2MAuiyFxntzXNeop7zy0qOfvcncnVk7CRLfItuuf/E8fRoZeHqDNpiNSKRW9T9EA6euLjTug=="],

    "@tschk/moonshine-adapter-conformance/@tschk/moonshine-server/@tschk/moonshine-router": ["@tschk/moonshine-router@0.3.7", "", { "dependencies": { "@tschk/moonshine": "^0.3.6", "@tschk/moonshine-framework": "^0.3.6" }, "peerDependencies": { "react": ">=18" }, "optionalPeers": ["react"] }, "sha512-2ZLbmeaJEiJgYf7Jth7KRHqdI7YVOPMgN2iETL3q0kMO6tdhR0KAnR+rxwgJT865UuBVLJh1yvzISzJV9rMdvQ=="],

    "@tschk/moonshine-compiler/@tschk/moonshine-framework/@tschk/moonshine": ["@tschk/moonshine@0.3.7", "", { "dependencies": { "@tschk/moonshine-react": "^0.3.6", "@tschk/moonshine-router": "^0.3.6", "@tschk/moonshine-server": "^0.3.6", "@tschk/moonshine-shaders": "^0.3.6" }, "peerDependencies": { "react": ">=18", "react-dom": ">=18" }, "optionalPeers": ["react", "react-dom"] }, "sha512-4aWv+nBC6sQpSd2MAuiyFxntzXNeop7zy0qOfvcncnVk7CRLfItuuf/E8fRoZeHqDNpiNSKRW9T9EA6euLjTug=="],

    "@tschk/moonshine-compiler/@tschk/moonshine-router/@tschk/moonshine": ["@tschk/moonshine@0.3.7", "", { "dependencies": { "@tschk/moonshine-react": "^0.3.6", "@tschk/moonshine-router": "^0.3.6", "@tschk/moonshine-server": "^0.3.6", "@tschk/moonshine-shaders": "^0.3.6" }, "peerDependencies": { "react": ">=18", "react-dom": ">=18" }, "optionalPeers": ["react", "react-dom"] }, "sha512-4aWv+nBC6sQpSd2MAuiyFxntzXNeop7zy0qOfvcncnVk7CRLfItuuf/E8fRoZeHqDNpiNSKRW9T9EA6euLjTug=="],

    "@tschk/moonshine-deploy-bun/@tschk/moonshine-compiler/@tschk/moonshine-router": ["@tschk/moonshine-router@0.3.7", "", { "dependencies": { "@tschk/moonshine": "^0.3.6", "@tschk/moonshine-framework": "^0.3.6" }, "peerDependencies": { "react": ">=18" }, "optionalPeers": ["react"] }, "sha512-2ZLbmeaJEiJgYf7Jth7KRHqdI7YVOPMgN2iETL3q0kMO6tdhR0KAnR+rxwgJT865UuBVLJh1yvzISzJV9rMdvQ=="],

    "@tschk/moonshine-deploy-bun/@tschk/moonshine-framework/@tschk/moonshine": ["@tschk/moonshine@0.3.7", "", { "dependencies": { "@tschk/moonshine-react": "^0.3.6", "@tschk/moonshine-router": "^0.3.6", "@tschk/moonshine-server": "^0.3.6", "@tschk/moonshine-shaders": "^0.3.6" }, "peerDependencies": { "react": ">=18", "react-dom": ">=18" }, "optionalPeers": ["react", "react-dom"] }, "sha512-4aWv+nBC6sQpSd2MAuiyFxntzXNeop7zy0qOfvcncnVk7CRLfItuuf/E8fRoZeHqDNpiNSKRW9T9EA6euLjTug=="],

    "@tschk/moonshine-deploy-bun/@tschk/moonshine-react/@tschk/moonshine": ["@tschk/moonshine@0.3.7", "", { "dependencies": { "@tschk/moonshine-react": "^0.3.6", "@tschk/moonshine-router": "^0.3.6", "@tschk/moonshine-server": "^0.3.6", "@tschk/moonshine-shaders": "^0.3.6" }, "peerDependencies": { "react": ">=18", "react-dom": ">=18" }, "optionalPeers": ["react", "react-dom"] }, "sha512-4aWv+nBC6sQpSd2MAuiyFxntzXNeop7zy0qOfvcncnVk7CRLfItuuf/E8fRoZeHqDNpiNSKRW9T9EA6euLjTug=="],

    "@tschk/moonshine-deploy-bun/@tschk/moonshine-server/@tschk/moonshine-router": ["@tschk/moonshine-router@0.3.7", "", { "dependencies": { "@tschk/moonshine": "^0.3.6", "@tschk/moonshine-framework": "^0.3.6" }, "peerDependencies": { "react": ">=18" }, "optionalPeers": ["react"] }, "sha512-2ZLbmeaJEiJgYf7Jth7KRHqdI7YVOPMgN2iETL3q0kMO6tdhR0KAnR+rxwgJT865UuBVLJh1yvzISzJV9rMdvQ=="],

    "@tschk/moonshine-framework/@tschk/moonshine/@tschk/moonshine-react": ["@tschk/moonshine-react@0.3.7", "", { "dependencies": { "@tschk/moonshine": "^0.3.6", "@tschk/moonshine-framework": "^0.3.6", "react": "^19.1.0", "react-dom": "^19.1.0" } }, "sha512-9MvW4Vojff9+epHLet7HrLByEdEiWNdT6DbA53FKaAAPCJjJGL2Y+VKhuh3DkMZx8dwMKIqaZI28QabMUqR8vw=="],

    "@tschk/moonshine-framework/@tschk/moonshine/@tschk/moonshine-router": ["@tschk/moonshine-router@0.3.7", "", { "dependencies": { "@tschk/moonshine": "^0.3.6", "@tschk/moonshine-framework": "^0.3.6" }, "peerDependencies": { "react": ">=18" }, "optionalPeers": ["react"] }, "sha512-2ZLbmeaJEiJgYf7Jth7KRHqdI7YVOPMgN2iETL3q0kMO6tdhR0KAnR+rxwgJT865UuBVLJh1yvzISzJV9rMdvQ=="],

    "@tschk/moonshine-framework/@tschk/moonshine/@tschk/moonshine-server": ["@tschk/moonshine-server@0.3.7", "", { "dependencies": { "@tschk/moonshine-framework": "^0.3.6", "@tschk/moonshine-router": "^0.3.6" } }, "sha512-noI+xdWtLKnekAOloxxsyTnoLq3iqUqhWTTcxFD2r2ZzH0aFItvD8lnjnXDkRA3dtIj6RdVCEuv69bzli24DOA=="],

    "@tschk/moonshine-react/@tschk/moonshine/@tschk/moonshine-react": ["@tschk/moonshine-react@0.3.7", "", { "dependencies": { "@tschk/moonshine": "^0.3.6", "@tschk/moonshine-framework": "^0.3.6", "react": "^19.1.0", "react-dom": "^19.1.0" } }, "sha512-9MvW4Vojff9+epHLet7HrLByEdEiWNdT6DbA53FKaAAPCJjJGL2Y+VKhuh3DkMZx8dwMKIqaZI28QabMUqR8vw=="],

    "@tschk/moonshine-react/@tschk/moonshine/@tschk/moonshine-router": ["@tschk/moonshine-router@0.3.7", "", { "dependencies": { "@tschk/moonshine": "^0.3.6", "@tschk/moonshine-framework": "^0.3.6" }, "peerDependencies": { "react": ">=18" }, "optionalPeers": ["react"] }, "sha512-2ZLbmeaJEiJgYf7Jth7KRHqdI7YVOPMgN2iETL3q0kMO6tdhR0KAnR+rxwgJT865UuBVLJh1yvzISzJV9rMdvQ=="],

    "@tschk/moonshine-react/@tschk/moonshine/@tschk/moonshine-server": ["@tschk/moonshine-server@0.3.7", "", { "dependencies": { "@tschk/moonshine-framework": "^0.3.6", "@tschk/moonshine-router": "^0.3.6" } }, "sha512-noI+xdWtLKnekAOloxxsyTnoLq3iqUqhWTTcxFD2r2ZzH0aFItvD8lnjnXDkRA3dtIj6RdVCEuv69bzli24DOA=="],

    "@tschk/moonshine-router/@tschk/moonshine/@tschk/moonshine-react": ["@tschk/moonshine-react@0.3.7", "", { "dependencies": { "@tschk/moonshine": "^0.3.6", "@tschk/moonshine-framework": "^0.3.6", "react": "^19.1.0", "react-dom": "^19.1.0" } }, "sha512-9MvW4Vojff9+epHLet7HrLByEdEiWNdT6DbA53FKaAAPCJjJGL2Y+VKhuh3DkMZx8dwMKIqaZI28QabMUqR8vw=="],

    "@tschk/moonshine-router/@tschk/moonshine/@tschk/moonshine-router": ["@tschk/moonshine-router@0.3.7", "", { "dependencies": { "@tschk/moonshine": "^0.3.6", "@tschk/moonshine-framework": "^0.3.6" }, "peerDependencies": { "react": ">=18" }, "optionalPeers": ["react"] }, "sha512-2ZLbmeaJEiJgYf7Jth7KRHqdI7YVOPMgN2iETL3q0kMO6tdhR0KAnR+rxwgJT865UuBVLJh1yvzISzJV9rMdvQ=="],

    "@tschk/moonshine-router/@tschk/moonshine/@tschk/moonshine-server": ["@tschk/moonshine-server@0.3.7", "", { "dependencies": { "@tschk/moonshine-framework": "^0.3.6", "@tschk/moonshine-router": "^0.3.6" } }, "sha512-noI+xdWtLKnekAOloxxsyTnoLq3iqUqhWTTcxFD2r2ZzH0aFItvD8lnjnXDkRA3dtIj6RdVCEuv69bzli24DOA=="],

    "@tschk/moonshine-server/@tschk/moonshine-framework/@tschk/moonshine": ["@tschk/moonshine@0.3.7", "", { "dependencies": { "@tschk/moonshine-react": "^0.3.6", "@tschk/moonshine-router": "^0.3.6", "@tschk/moonshine-server": "^0.3.6", "@tschk/moonshine-shaders": "^0.3.6" }, "peerDependencies": { "react": ">=18", "react-dom": ">=18" }, "optionalPeers": ["react", "react-dom"] }, "sha512-4aWv+nBC6sQpSd2MAuiyFxntzXNeop7zy0qOfvcncnVk7CRLfItuuf/E8fRoZeHqDNpiNSKRW9T9EA6euLjTug=="],

    "@tschk/moonshine-server/@tschk/moonshine-router/@tschk/moonshine": ["@tschk/moonshine@0.3.7", "", { "dependencies": { "@tschk/moonshine-react": "^0.3.6", "@tschk/moonshine-router": "^0.3.6", "@tschk/moonshine-server": "^0.3.6", "@tschk/moonshine-shaders": "^0.3.6" }, "peerDependencies": { "react": ">=18", "react-dom": ">=18" }, "optionalPeers": ["react", "react-dom"] }, "sha512-4aWv+nBC6sQpSd2MAuiyFxntzXNeop7zy0qOfvcncnVk7CRLfItuuf/E8fRoZeHqDNpiNSKRW9T9EA6euLjTug=="],

    "@tschk/moonshine/@tschk/moonshine-react/@tschk/moonshine": ["@tschk/moonshine@0.3.7", "", { "dependencies": { "@tschk/moonshine-react": "^0.3.6", "@tschk/moonshine-router": "^0.3.6", "@tschk/moonshine-server": "^0.3.6", "@tschk/moonshine-shaders": "^0.3.6" }, "peerDependencies": { "react": ">=18", "react-dom": ">=18" }, "optionalPeers": ["react", "react-dom"] }, "sha512-4aWv+nBC6sQpSd2MAuiyFxntzXNeop7zy0qOfvcncnVk7CRLfItuuf/E8fRoZeHqDNpiNSKRW9T9EA6euLjTug=="],

    "@tschk/moonshine/@tschk/moonshine-react/@tschk/moonshine-framework": ["@tschk/moonshine-framework@0.3.7", "", { "dependencies": { "@tschk/moonshine": "^0.3.6" } }, "sha512-RubVUh52g0WpTLCYXqVkGnfWBRhPbfEwp/tdULDi9GEpHsZ+Vc/dYG0uP0cBv7R71UZLWCOUQpdt8JFwvx+Xwg=="],

    "@tschk/moonshine/@tschk/moonshine-router/@tschk/moonshine": ["@tschk/moonshine@0.3.7", "", { "dependencies": { "@tschk/moonshine-react": "^0.3.6", "@tschk/moonshine-router": "^0.3.6", "@tschk/moonshine-server": "^0.3.6", "@tschk/moonshine-shaders": "^0.3.6" }, "peerDependencies": { "react": ">=18", "react-dom": ">=18" }, "optionalPeers": ["react", "react-dom"] }, "sha512-4aWv+nBC6sQpSd2MAuiyFxntzXNeop7zy0qOfvcncnVk7CRLfItuuf/E8fRoZeHqDNpiNSKRW9T9EA6euLjTug=="],

    "@tschk/moonshine/@tschk/moonshine-router/@tschk/moonshine-framework": ["@tschk/moonshine-framework@0.3.7", "", { "dependencies": { "@tschk/moonshine": "^0.3.6" } }, "sha512-RubVUh52g0WpTLCYXqVkGnfWBRhPbfEwp/tdULDi9GEpHsZ+Vc/dYG0uP0cBv7R71UZLWCOUQpdt8JFwvx+Xwg=="],

    "@tschk/moonshine/@tschk/moonshine-server/@tschk/moonshine-framework": ["@tschk/moonshine-framework@0.3.7", "", { "dependencies": { "@tschk/moonshine": "^0.3.6" } }, "sha512-RubVUh52g0WpTLCYXqVkGnfWBRhPbfEwp/tdULDi9GEpHsZ+Vc/dYG0uP0cBv7R71UZLWCOUQpdt8JFwvx+Xwg=="],

    "@tschk/moonshine-adapter-conformance/@tschk/moonshine-framework/@tschk/moonshine/@tschk/moonshine-router": ["@tschk/moonshine-router@0.3.7", "", { "dependencies": { "@tschk/moonshine": "^0.3.6", "@tschk/moonshine-framework": "^0.3.6" }, "peerDependencies": { "react": ">=18" }, "optionalPeers": ["react"] }, "sha512-2ZLbmeaJEiJgYf7Jth7KRHqdI7YVOPMgN2iETL3q0kMO6tdhR0KAnR+rxwgJT865UuBVLJh1yvzISzJV9rMdvQ=="],

    "@tschk/moonshine-adapter-conformance/@tschk/moonshine-react/@tschk/moonshine/@tschk/moonshine-router": ["@tschk/moonshine-router@0.3.7", "", { "dependencies": { "@tschk/moonshine": "^0.3.6", "@tschk/moonshine-framework": "^0.3.6" }, "peerDependencies": { "react": ">=18" }, "optionalPeers": ["react"] }, "sha512-2ZLbmeaJEiJgYf7Jth7KRHqdI7YVOPMgN2iETL3q0kMO6tdhR0KAnR+rxwgJT865UuBVLJh1yvzISzJV9rMdvQ=="],

    "@tschk/moonshine-adapter-conformance/@tschk/moonshine-server/@tschk/moonshine-router/@tschk/moonshine": ["@tschk/moonshine@0.3.7", "", { "dependencies": { "@tschk/moonshine-react": "^0.3.6", "@tschk/moonshine-router": "^0.3.6", "@tschk/moonshine-server": "^0.3.6", "@tschk/moonshine-shaders": "^0.3.6" }, "peerDependencies": { "react": ">=18", "react-dom": ">=18" }, "optionalPeers": ["react", "react-dom"] }, "sha512-4aWv+nBC6sQpSd2MAuiyFxntzXNeop7zy0qOfvcncnVk7CRLfItuuf/E8fRoZeHqDNpiNSKRW9T9EA6euLjTug=="],

    "@tschk/moonshine-compiler/@tschk/moonshine-framework/@tschk/moonshine/@tschk/moonshine-react": ["@tschk/moonshine-react@0.3.7", "", { "dependencies": { "@tschk/moonshine": "^0.3.6", "@tschk/moonshine-framework": "^0.3.6", "react": "^19.1.0", "react-dom": "^19.1.0" } }, "sha512-9MvW4Vojff9+epHLet7HrLByEdEiWNdT6DbA53FKaAAPCJjJGL2Y+VKhuh3DkMZx8dwMKIqaZI28QabMUqR8vw=="],

    "@tschk/moonshine-compiler/@tschk/moonshine-framework/@tschk/moonshine/@tschk/moonshine-server": ["@tschk/moonshine-server@0.3.7", "", { "dependencies": { "@tschk/moonshine-framework": "^0.3.6", "@tschk/moonshine-router": "^0.3.6" } }, "sha512-noI+xdWtLKnekAOloxxsyTnoLq3iqUqhWTTcxFD2r2ZzH0aFItvD8lnjnXDkRA3dtIj6RdVCEuv69bzli24DOA=="],

    "@tschk/moonshine-compiler/@tschk/moonshine-router/@tschk/moonshine/@tschk/moonshine-react": ["@tschk/moonshine-react@0.3.7", "", { "dependencies": { "@tschk/moonshine": "^0.3.6", "@tschk/moonshine-framework": "^0.3.6", "react": "^19.1.0", "react-dom": "^19.1.0" } }, "sha512-9MvW4Vojff9+epHLet7HrLByEdEiWNdT6DbA53FKaAAPCJjJGL2Y+VKhuh3DkMZx8dwMKIqaZI28QabMUqR8vw=="],

    "@tschk/moonshine-compiler/@tschk/moonshine-router/@tschk/moonshine/@tschk/moonshine-server": ["@tschk/moonshine-server@0.3.7", "", { "dependencies": { "@tschk/moonshine-framework": "^0.3.6", "@tschk/moonshine-router": "^0.3.6" } }, "sha512-noI+xdWtLKnekAOloxxsyTnoLq3iqUqhWTTcxFD2r2ZzH0aFItvD8lnjnXDkRA3dtIj6RdVCEuv69bzli24DOA=="],

    "@tschk/moonshine-deploy-bun/@tschk/moonshine-compiler/@tschk/moonshine-router/@tschk/moonshine": ["@tschk/moonshine@0.3.7", "", { "dependencies": { "@tschk/moonshine-react": "^0.3.6", "@tschk/moonshine-router": "^0.3.6", "@tschk/moonshine-server": "^0.3.6", "@tschk/moonshine-shaders": "^0.3.6" }, "peerDependencies": { "react": ">=18", "react-dom": ">=18" }, "optionalPeers": ["react", "react-dom"] }, "sha512-4aWv+nBC6sQpSd2MAuiyFxntzXNeop7zy0qOfvcncnVk7CRLfItuuf/E8fRoZeHqDNpiNSKRW9T9EA6euLjTug=="],

    "@tschk/moonshine-deploy-bun/@tschk/moonshine-framework/@tschk/moonshine/@tschk/moonshine-router": ["@tschk/moonshine-router@0.3.7", "", { "dependencies": { "@tschk/moonshine": "^0.3.6", "@tschk/moonshine-framework": "^0.3.6" }, "peerDependencies": { "react": ">=18" }, "optionalPeers": ["react"] }, "sha512-2ZLbmeaJEiJgYf7Jth7KRHqdI7YVOPMgN2iETL3q0kMO6tdhR0KAnR+rxwgJT865UuBVLJh1yvzISzJV9rMdvQ=="],

    "@tschk/moonshine-deploy-bun/@tschk/moonshine-react/@tschk/moonshine/@tschk/moonshine-router": ["@tschk/moonshine-router@0.3.7", "", { "dependencies": { "@tschk/moonshine": "^0.3.6", "@tschk/moonshine-framework": "^0.3.6" }, "peerDependencies": { "react": ">=18" }, "optionalPeers": ["react"] }, "sha512-2ZLbmeaJEiJgYf7Jth7KRHqdI7YVOPMgN2iETL3q0kMO6tdhR0KAnR+rxwgJT865UuBVLJh1yvzISzJV9rMdvQ=="],

    "@tschk/moonshine-deploy-bun/@tschk/moonshine-server/@tschk/moonshine-router/@tschk/moonshine": ["@tschk/moonshine@0.3.7", "", { "dependencies": { "@tschk/moonshine-react": "^0.3.6", "@tschk/moonshine-router": "^0.3.6", "@tschk/moonshine-server": "^0.3.6", "@tschk/moonshine-shaders": "^0.3.6" }, "peerDependencies": { "react": ">=18", "react-dom": ">=18" }, "optionalPeers": ["react", "react-dom"] }, "sha512-4aWv+nBC6sQpSd2MAuiyFxntzXNeop7zy0qOfvcncnVk7CRLfItuuf/E8fRoZeHqDNpiNSKRW9T9EA6euLjTug=="],

    "@tschk/moonshine-framework/@tschk/moonshine/@tschk/moonshine-react/@tschk/moonshine-framework": ["@tschk/moonshine-framework@0.3.7", "", { "dependencies": { "@tschk/moonshine": "^0.3.6" } }, "sha512-RubVUh52g0WpTLCYXqVkGnfWBRhPbfEwp/tdULDi9GEpHsZ+Vc/dYG0uP0cBv7R71UZLWCOUQpdt8JFwvx+Xwg=="],

    "@tschk/moonshine-framework/@tschk/moonshine/@tschk/moonshine-router/@tschk/moonshine-framework": ["@tschk/moonshine-framework@0.3.7", "", { "dependencies": { "@tschk/moonshine": "^0.3.6" } }, "sha512-RubVUh52g0WpTLCYXqVkGnfWBRhPbfEwp/tdULDi9GEpHsZ+Vc/dYG0uP0cBv7R71UZLWCOUQpdt8JFwvx+Xwg=="],

    "@tschk/moonshine-framework/@tschk/moonshine/@tschk/moonshine-server/@tschk/moonshine-framework": ["@tschk/moonshine-framework@0.3.7", "", { "dependencies": { "@tschk/moonshine": "^0.3.6" } }, "sha512-RubVUh52g0WpTLCYXqVkGnfWBRhPbfEwp/tdULDi9GEpHsZ+Vc/dYG0uP0cBv7R71UZLWCOUQpdt8JFwvx+Xwg=="],

    "@tschk/moonshine-server/@tschk/moonshine-framework/@tschk/moonshine/@tschk/moonshine-react": ["@tschk/moonshine-react@0.3.7", "", { "dependencies": { "@tschk/moonshine": "^0.3.6", "@tschk/moonshine-framework": "^0.3.6", "react": "^19.1.0", "react-dom": "^19.1.0" } }, "sha512-9MvW4Vojff9+epHLet7HrLByEdEiWNdT6DbA53FKaAAPCJjJGL2Y+VKhuh3DkMZx8dwMKIqaZI28QabMUqR8vw=="],

    "@tschk/moonshine-server/@tschk/moonshine-framework/@tschk/moonshine/@tschk/moonshine-server": ["@tschk/moonshine-server@0.3.7", "", { "dependencies": { "@tschk/moonshine-framework": "^0.3.6", "@tschk/moonshine-router": "^0.3.6" } }, "sha512-noI+xdWtLKnekAOloxxsyTnoLq3iqUqhWTTcxFD2r2ZzH0aFItvD8lnjnXDkRA3dtIj6RdVCEuv69bzli24DOA=="],

    "@tschk/moonshine-server/@tschk/moonshine-router/@tschk/moonshine/@tschk/moonshine-react": ["@tschk/moonshine-react@0.3.7", "", { "dependencies": { "@tschk/moonshine": "^0.3.6", "@tschk/moonshine-framework": "^0.3.6", "react": "^19.1.0", "react-dom": "^19.1.0" } }, "sha512-9MvW4Vojff9+epHLet7HrLByEdEiWNdT6DbA53FKaAAPCJjJGL2Y+VKhuh3DkMZx8dwMKIqaZI28QabMUqR8vw=="],

    "@tschk/moonshine-server/@tschk/moonshine-router/@tschk/moonshine/@tschk/moonshine-server": ["@tschk/moonshine-server@0.3.7", "", { "dependencies": { "@tschk/moonshine-framework": "^0.3.6", "@tschk/moonshine-router": "^0.3.6" } }, "sha512-noI+xdWtLKnekAOloxxsyTnoLq3iqUqhWTTcxFD2r2ZzH0aFItvD8lnjnXDkRA3dtIj6RdVCEuv69bzli24DOA=="],

    "@tschk/moonshine/@tschk/moonshine-server/@tschk/moonshine-framework/@tschk/moonshine": ["@tschk/moonshine@0.3.7", "", { "dependencies": { "@tschk/moonshine-react": "^0.3.6", "@tschk/moonshine-router": "^0.3.6", "@tschk/moonshine-server": "^0.3.6", "@tschk/moonshine-shaders": "^0.3.6" }, "peerDependencies": { "react": ">=18", "react-dom": ">=18" }, "optionalPeers": ["react", "react-dom"] }, "sha512-4aWv+nBC6sQpSd2MAuiyFxntzXNeop7zy0qOfvcncnVk7CRLfItuuf/E8fRoZeHqDNpiNSKRW9T9EA6euLjTug=="],
  }
}
