lock-version: 1
name: ecosystem-demo
version: 0.1.0
dependencies:
  cargo:crepuscularity:
    version: latest
    kind: cargo
    install_path: target/in/packages/cargo/crepuscularity/0.4.5
  go:fiber:
    version: latest
    kind: go
    source: github.com/gofiber/fiber/v2
    install_path: target/in/packages/go/github.com/gofiber/fiber/v2/v2.45.0
  npm:hono:
    version: latest
    kind: npm
    install_path: target/in/packages/npm/hono/4.12.23
  pypi:flask:
    version: latest
    kind: pypi
    install_path: target/in/packages/pypi/flask/3.1.3
